
Microsoft Visual Studio Solution File, Format Version 12.00
# Visual Studio Version 16
VisualStudioVersion = 16.0.29709.97
MinimumVisualStudioVersion = 10.0.40219.1
Project("{8BC9CEB8-8B4A-11D0-8D11-00A0C91BC942}") = "problems-pkgeorgiev", "problems-pkgeorgiev\problems-pkgeorgiev.vcxproj", "{625B3048-D9D9-4D48-A40B-76CF8602008D}"
EndProject
Project("{8BC9CEB8-8B4A-11D0-8D11-00A0C91BC942}") = "problem-kvbolashikova18", "problem-kvbolashikova18\problem-kvbolashikova18.vcxproj", "{4C275269-7BB6-4FB7-A17C-20CA2EBD18F8}"
EndProject
Global
	GlobalSection(SolutionConfigurationPlatforms) = preSolution
		Debug|x64 = Debug|x64
		Debug|x86 = Debug|x86
		Release|x64 = Release|x64
		Release|x86 = Release|x86
	EndGlobalSection
	GlobalSection(ProjectConfigurationPlatforms) = postSolution
		{625B3048-D9D9-4D48-A40B-76CF8602008D}.Debug|x64.ActiveCfg = Debug|x64
		{625B3048-D9D9-4D48-A40B-76CF8602008D}.Debug|x64.Build.0 = Debug|x64
		{625B3048-D9D9-4D48-A40B-76CF8602008D}.Debug|x86.ActiveCfg = Debug|Win32
		{625B3048-D9D9-4D48-A40B-76CF8602008D}.Debug|x86.Build.0 = Debug|Win32
		{625B3048-D9D9-4D48-A40B-76CF8602008D}.Release|x64.ActiveCfg = Release|x64
		{625B3048-D9D9-4D48-A40B-76CF8602008D}.Release|x64.Build.0 = Release|x64
		{625B3048-D9D9-4D48-A40B-76CF8602008D}.Release|x86.ActiveCfg = Release|Win32
		{625B3048-D9D9-4D48-A40B-76CF8602008D}.Release|x86.Build.0 = Release|Win32
		{4C275269-7BB6-4FB7-A17C-20CA2EBD18F8}.Debug|x64.ActiveCfg = Debug|x64
		{4C275269-7BB6-4FB7-A17C-20CA2EBD18F8}.Debug|x64.Build.0 = Debug|x64
		{4C275269-7BB6-4FB7-A17C-20CA2EBD18F8}.Debug|x86.ActiveCfg = Debug|Win32
		{4C275269-7BB6-4FB7-A17C-20CA2EBD18F8}.Debug|x86.Build.0 = Debug|Win32
		{4C275269-7BB6-4FB7-A17C-20CA2EBD18F8}.Release|x64.ActiveCfg = Release|x64
		{4C275269-7BB6-4FB7-A17C-20CA2EBD18F8}.Release|x64.Build.0 = Release|x64
		{4C275269-7BB6-4FB7-A17C-20CA2EBD18F8}.Release|x86.ActiveCfg = Release|Win32
		{4C275269-7BB6-4FB7-A17C-20CA2EBD18F8}.Release|x86.Build.0 = Release|Win32
	EndGlobalSection
	GlobalSection(SolutionProperties) = preSolution
		HideSolutionNode = FALSE
	EndGlobalSection
	GlobalSection(ExtensibilityGlobals) = postSolution
		SolutionGuid = {489D1695-E91C-41E5-9204-B3B21A4ED6A4}
	EndGlobalSection
EndGlobal
